// !$*UTF8*$!
{
	archiveVersion = 1;
	classes = {
	};
	objectVersion = 55;
	objects = {

/* Begin PBXBuildFile section */
		654C26B127CD246B004AAC93 /* ProjectFactsApp.swift in Sources */ = {isa = PBXBuildFile; fileRef = 654C26B027CD246B004AAC93 /* ProjectFactsApp.swift */; };
		654C26B527CD246C004AAC93 /* Assets.xcassets in Resources */ = {isa = PBXBuildFile; fileRef = 654C26B427CD246C004AAC93 /* Assets.xcassets */; };
		654C26B827CD246C004AAC93 /* Preview Assets.xcassets in Resources */ = {isa = PBXBuildFile; fileRef = 654C26B727CD246C004AAC93 /* Preview Assets.xcassets */; };
		654C26C027CD24CA004AAC93 /* ProjectFactsAPI.swift in Sources */ = {isa = PBXBuildFile; fileRef = 654C26BF27CD24CA004AAC93 /* ProjectFactsAPI.swift */; };
		654C26C227CD2504004AAC93 /* UserDefaults.swift in Sources */ = {isa = PBXBuildFile; fileRef = 654C26C127CD2504004AAC93 /* UserDefaults.swift */; };
		654C26C427CD2660004AAC93 /* CreateAccessTokenView.swift in Sources */ = {isa = PBXBuildFile; fileRef = 654C26C327CD2660004AAC93 /* CreateAccessTokenView.swift */; };
		654C26C627CD27F3004AAC93 /* AccessTokenCreator.swift in Sources */ = {isa = PBXBuildFile; fileRef = 654C26C527CD27F3004AAC93 /* AccessTokenCreator.swift */; };
		654C26D027CF74B8004AAC93 /* WelcomeView.swift in Sources */ = {isa = PBXBuildFile; fileRef = 654C26CF27CF74B8004AAC93 /* WelcomeView.swift */; };
		654C26D227CF76A0004AAC93 /* AppController.swift in Sources */ = {isa = PBXBuildFile; fileRef = 654C26D127CF76A0004AAC93 /* AppController.swift */; };
		654C26D427CF7817004AAC93 /* MainView.swift in Sources */ = {isa = PBXBuildFile; fileRef = 654C26D327CF7817004AAC93 /* MainView.swift */; };
		654C26D627CF79C5004AAC93 /* Optional.swift in Sources */ = {isa = PBXBuildFile; fileRef = 654C26D527CF79C5004AAC93 /* Optional.swift */; };
		654C26D827CF7EBC004AAC93 /* PFTimeEntry.swift in Sources */ = {isa = PBXBuildFile; fileRef = 654C26D727CF7EBC004AAC93 /* PFTimeEntry.swift */; };
		654C26DA27CFAC02004AAC93 /* TimesTableView.swift in Sources */ = {isa = PBXBuildFile; fileRef = 654C26D927CFAC02004AAC93 /* TimesTableView.swift */; };
		654C26DC27CFB26E004AAC93 /* ComponentsFormatStyle.swift in Sources */ = {isa = PBXBuildFile; fileRef = 654C26DB27CFB26E004AAC93 /* ComponentsFormatStyle.swift */; };
		654C26DE27CFB81E004AAC93 /* DateFormatter.swift in Sources */ = {isa = PBXBuildFile; fileRef = 654C26DD27CFB81E004AAC93 /* DateFormatter.swift */; };
/* End PBXBuildFile section */

/* Begin PBXFileReference section */
		654C26AD27CD246B004AAC93 /* ProjectFacts.app */ = {isa = PBXFileReference; explicitFileType = wrapper.application; includeInIndex = 0; path = ProjectFacts.app; sourceTree = BUILT_PRODUCTS_DIR; };
		654C26B027CD246B004AAC93 /* ProjectFactsApp.swift */ = {isa = PBXFileReference; lastKnownFileType = sourcecode.swift; path = ProjectFactsApp.swift; sourceTree = "<group>"; };
		654C26B427CD246C004AAC93 /* Assets.xcassets */ = {isa = PBXFileReference; lastKnownFileType = folder.assetcatalog; path = Assets.xcassets; sourceTree = "<group>"; };
		654C26B727CD246C004AAC93 /* Preview Assets.xcassets */ = {isa = PBXFileReference; lastKnownFileType = folder.assetcatalog; path = "Preview Assets.xcassets"; sourceTree = "<group>"; };
		654C26B927CD246C004AAC93 /* ProjectFacts.entitlements */ = {isa = PBXFileReference; lastKnownFileType = text.plist.entitlements; path = ProjectFacts.entitlements; sourceTree = "<group>"; };
		654C26BF27CD24CA004AAC93 /* ProjectFactsAPI.swift */ = {isa = PBXFileReference; lastKnownFileType = sourcecode.swift; path = ProjectFactsAPI.swift; sourceTree = "<group>"; };
		654C26C127CD2504004AAC93 /* UserDefaults.swift */ = {isa = PBXFileReference; lastKnownFileType = sourcecode.swift; path = UserDefaults.swift; sourceTree = "<group>"; };
		654C26C327CD2660004AAC93 /* CreateAccessTokenView.swift */ = {isa = PBXFileReference; lastKnownFileType = sourcecode.swift; path = CreateAccessTokenView.swift; sourceTree = "<group>"; };
		654C26C527CD27F3004AAC93 /* AccessTokenCreator.swift */ = {isa = PBXFileReference; lastKnownFileType = sourcecode.swift; path = AccessTokenCreator.swift; sourceTree = "<group>"; };
		654C26CF27CF74B8004AAC93 /* WelcomeView.swift */ = {isa = PBXFileReference; lastKnownFileType = sourcecode.swift; path = WelcomeView.swift; sourceTree = "<group>"; };
		654C26D127CF76A0004AAC93 /* AppController.swift */ = {isa = PBXFileReference; lastKnownFileType = sourcecode.swift; path = AppController.swift; sourceTree = "<group>"; };
		654C26D327CF7817004AAC93 /* MainView.swift */ = {isa = PBXFileReference; lastKnownFileType = sourcecode.swift; path = MainView.swift; sourceTree = "<group>"; };
		654C26D527CF79C5004AAC93 /* Optional.swift */ = {isa = PBXFileReference; lastKnownFileType = sourcecode.swift; path = Optional.swift; sourceTree = "<group>"; };
		654C26D727CF7EBC004AAC93 /* PFTimeEntry.swift */ = {isa = PBXFileReference; lastKnownFileType = sourcecode.swift; path = PFTimeEntry.swift; sourceTree = "<group>"; };
		654C26D927CFAC02004AAC93 /* TimesTableView.swift */ = {isa = PBXFileReference; lastKnownFileType = sourcecode.swift; path = TimesTableView.swift; sourceTree = "<group>"; };
		654C26DB27CFB26E004AAC93 /* ComponentsFormatStyle.swift */ = {isa = PBXFileReference; lastKnownFileType = sourcecode.swift; path = ComponentsFormatStyle.swift; sourceTree = "<group>"; };
		654C26DD27CFB81E004AAC93 /* DateFormatter.swift */ = {isa = PBXFileReference; lastKnownFileType = sourcecode.swift; path = DateFormatter.swift; sourceTree = "<group>"; };
		654C26DF27D0C5D8004AAC93 /* README.md */ = {isa = PBXFileReference; lastKnownFileType = net.daringfireball.markdown; path = README.md; sourceTree = "<group>"; };
		654C26E127D0CDE6004AAC93 /* 01.png */ = {isa = PBXFileReference; lastKnownFileType = image.png; path = 01.png; sourceTree = "<group>"; };
		654C26E227D0CDE6004AAC93 /* 02.png */ = {isa = PBXFileReference; lastKnownFileType = image.png; path = 02.png; sourceTree = "<group>"; };
/* End PBXFileReference section */

/* Begin PBXFrameworksBuildPhase section */
		654C26AA27CD246B004AAC93 /* Frameworks */ = {
			isa = PBXFrameworksBuildPhase;
			buildActionMask = 2147483647;
			files = (
			);
			runOnlyForDeploymentPostprocessing = 0;
		};
/* End PBXFrameworksBuildPhase section */

/* Begin PBXGroup section */
		654C26A427CD246B004AAC93 = {
			isa = PBXGroup;
			children = (
				654C26DF27D0C5D8004AAC93 /* README.md */,
				654C26E027D0CCA5004AAC93 /* Images */,
				654C26AF27CD246B004AAC93 /* ProjectFacts */,
				654C26AE27CD246B004AAC93 /* Products */,
			);
			sourceTree = "<group>";
		};
		654C26AE27CD246B004AAC93 /* Products */ = {
			isa = PBXGroup;
			children = (
				654C26AD27CD246B004AAC93 /* ProjectFacts.app */,
			);
			name = Products;
			sourceTree = "<group>";
		};
		654C26AF27CD246B004AAC93 /* ProjectFacts */ = {
			isa = PBXGroup;
			children = (
				654C26B027CD246B004AAC93 /* ProjectFactsApp.swift */,
				654C26C727CD2807004AAC93 /* Extensions */,
				654C26C827CD2813004AAC93 /* Views */,
				654C26C927CD281C004AAC93 /* ViewModels */,
				654C26CA27CD6860004AAC93 /* Models */,
				654C26B427CD246C004AAC93 /* Assets.xcassets */,
				654C26B927CD246C004AAC93 /* ProjectFacts.entitlements */,
				654C26B627CD246C004AAC93 /* Preview Content */,
			);
			path = ProjectFacts;
			sourceTree = "<group>";
		};
		654C26B627CD246C004AAC93 /* Preview Content */ = {
			isa = PBXGroup;
			children = (
				654C26B727CD246C004AAC93 /* Preview Assets.xcassets */,
			);
			path = "Preview Content";
			sourceTree = "<group>";
		};
		654C26C727CD2807004AAC93 /* Extensions */ = {
			isa = PBXGroup;
			children = (
				654C26C127CD2504004AAC93 /* UserDefaults.swift */,
				654C26D527CF79C5004AAC93 /* Optional.swift */,
				654C26DB27CFB26E004AAC93 /* ComponentsFormatStyle.swift */,
				654C26DD27CFB81E004AAC93 /* DateFormatter.swift */,
			);
			path = Extensions;
			sourceTree = "<group>";
		};
		654C26C827CD2813004AAC93 /* Views */ = {
			isa = PBXGroup;
			children = (
				654C26D327CF7817004AAC93 /* MainView.swift */,
				654C26D927CFAC02004AAC93 /* TimesTableView.swift */,
				654C26CF27CF74B8004AAC93 /* WelcomeView.swift */,
				654C26C327CD2660004AAC93 /* CreateAccessTokenView.swift */,
			);
			path = Views;
			sourceTree = "<group>";
		};
		654C26C927CD281C004AAC93 /* ViewModels */ = {
			isa = PBXGroup;
			children = (
				654C26D127CF76A0004AAC93 /* AppController.swift */,
				654C26C527CD27F3004AAC93 /* AccessTokenCreator.swift */,
			);
			path = ViewModels;
			sourceTree = "<group>";
		};
		654C26CA27CD6860004AAC93 /* Models */ = {
			isa = PBXGroup;
			children = (
				654C26BF27CD24CA004AAC93 /* ProjectFactsAPI.swift */,
				654C26D727CF7EBC004AAC93 /* PFTimeEntry.swift */,
			);
			path = Models;
			sourceTree = "<group>";
		};
		654C26E027D0CCA5004AAC93 /* Images */ = {
			isa = PBXGroup;
			children = (
				654C26E127D0CDE6004AAC93 /* 01.png */,
				654C26E227D0CDE6004AAC93 /* 02.png */,
			);
			path = Images;
			sourceTree = "<group>";
		};
/* End PBXGroup section */

/* Begin PBXNativeTarget section */
		654C26AC27CD246B004AAC93 /* ProjectFacts */ = {
			isa = PBXNativeTarget;
			buildConfigurationList = 654C26BC27CD246C004AAC93 /* Build configuration list for PBXNativeTarget "ProjectFacts" */;
			buildPhases = (
				654C26A927CD246B004AAC93 /* Sources */,
				654C26AA27CD246B004AAC93 /* Frameworks */,
				654C26AB27CD246B004AAC93 /* Resources */,
			);
			buildRules = (
			);
			dependencies = (
			);
			name = ProjectFacts;
			productName = ProjectFacts;
			productReference = 654C26AD27CD246B004AAC93 /* ProjectFacts.app */;
			productType = "com.apple.product-type.application";
		};
/* End PBXNativeTarget section */

/* Begin PBXProject section */
		654C26A527CD246B004AAC93 /* Project object */ = {
			isa = PBXProject;
			attributes = {
				BuildIndependentTargetsInParallel = 1;
				LastSwiftUpdateCheck = 1320;
				LastUpgradeCheck = 1320;
				TargetAttributes = {
					654C26AC27CD246B004AAC93 = {
						CreatedOnToolsVersion = 13.2;
					};
				};
			};
			buildConfigurationList = 654C26A827CD246B004AAC93 /* Build configuration list for PBXProject "ProjectFacts" */;
			compatibilityVersion = "Xcode 13.0";
			developmentRegion = en;
			hasScannedForEncodings = 0;
			knownRegions = (
				en,
				Base,
			);
			mainGroup = 654C26A427CD246B004AAC93;
			productRefGroup = 654C26AE27CD246B004AAC93 /* Products */;
			projectDirPath = "";
			projectRoot = "";
			targets = (
				654C26AC27CD246B004AAC93 /* ProjectFacts */,
			);
		};
/* End PBXProject section */

/* Begin PBXResourcesBuildPhase section */
		654C26AB27CD246B004AAC93 /* Resources */ = {
			isa = PBXResourcesBuildPhase;
			buildActionMask = 2147483647;
			files = (
				654C26B827CD246C004AAC93 /* Preview Assets.xcassets in Resources */,
				654C26B527CD246C004AAC93 /* Assets.xcassets in Resources */,
			);
			runOnlyForDeploymentPostprocessing = 0;
		};
/* End PBXResourcesBuildPhase section */

/* Begin PBXSourcesBuildPhase section */
		654C26A927CD246B004AAC93 /* Sources */ = {
			isa = PBXSourcesBuildPhase;
			buildActionMask = 2147483647;
			files = (
				654C26C627CD27F3004AAC93 /* AccessTokenCreator.swift in Sources */,
				654C26D627CF79C5004AAC93 /* Optional.swift in Sources */,
				654C26D427CF7817004AAC93 /* MainView.swift in Sources */,
				654C26DA27CFAC02004AAC93 /* TimesTableView.swift in Sources */,
				654C26C227CD2504004AAC93 /* UserDefaults.swift in Sources */,
				654C26B127CD246B004AAC93 /* ProjectFactsApp.swift in Sources */,
				654C26D227CF76A0004AAC93 /* AppController.swift in Sources */,
				654C26D827CF7EBC004AAC93 /* PFTimeEntry.swift in Sources */,
				654C26C427CD2660004AAC93 /* CreateAccessTokenView.swift in Sources */,
				654C26DC27CFB26E004AAC93 /* ComponentsFormatStyle.swift in Sources */,
				654C26DE27CFB81E004AAC93 /* DateFormatter.swift in Sources */,
				654C26C027CD24CA004AAC93 /* ProjectFactsAPI.swift in Sources */,
				654C26D027CF74B8004AAC93 /* WelcomeView.swift in Sources */,
			);
			runOnlyForDeploymentPostprocessing = 0;
		};
/* End PBXSourcesBuildPhase section */

/* Begin XCBuildConfiguration section */
		654C26BA27CD246C004AAC93 /* Debug */ = {
			isa = XCBuildConfiguration;
			buildSettings = {
				ALWAYS_SEARCH_USER_PATHS = NO;
				CLANG_ANALYZER_NONNULL = YES;
				CLANG_ANALYZER_NUMBER_OBJECT_CONVERSION = YES_AGGRESSIVE;
				CLANG_CXX_LANGUAGE_STANDARD = "gnu++17";
				CLANG_CXX_LIBRARY = "libc++";
				CLANG_ENABLE_MODULES = YES;
				CLANG_ENABLE_OBJC_ARC = YES;
				CLANG_ENABLE_OBJC_WEAK = YES;
				CLANG_WARN_BLOCK_CAPTURE_AUTORELEASING = YES;
				CLANG_WARN_BOOL_CONVERSION = YES;
				CLANG_WARN_COMMA = YES;
				CLANG_WARN_CONSTANT_CONVERSION = YES;
				CLANG_WARN_DEPRECATED_OBJC_IMPLEMENTATIONS = YES;
				CLANG_WARN_DIRECT_OBJC_ISA_USAGE = YES_ERROR;
				CLANG_WARN_DOCUMENTATION_COMMENTS = YES;
				CLANG_WARN_EMPTY_BODY = YES;
				CLANG_WARN_ENUM_CONVERSION = YES;
				CLANG_WARN_INFINITE_RECURSION = YES;
				CLANG_WARN_INT_CONVERSION = YES;
				CLANG_WARN_NON_LITERAL_NULL_CONVERSION = YES;
				CLANG_WARN_OBJC_IMPLICIT_RETAIN_SELF = YES;
				CLANG_WARN_OBJC_LITERAL_CONVERSION = YES;
				CLANG_WARN_OBJC_ROOT_CLASS = YES_ERROR;
				CLANG_WARN_QUOTED_INCLUDE_IN_FRAMEWORK_HEADER = YES;
				CLANG_WARN_RANGE_LOOP_ANALYSIS = YES;
				CLANG_WARN_STRICT_PROTOTYPES = YES;
				CLANG_WARN_SUSPICIOUS_MOVE = YES;
				CLANG_WARN_UNGUARDED_AVAILABILITY = YES_AGGRESSIVE;
				CLANG_WARN_UNREACHABLE_CODE = YES;
				CLANG_WARN__DUPLICATE_METHOD_MATCH = YES;
				COPY_PHASE_STRIP = NO;
				DEBUG_INFORMATION_FORMAT = dwarf;
				ENABLE_STRICT_OBJC_MSGSEND = YES;
				ENABLE_TESTABILITY = YES;
				GCC_C_LANGUAGE_STANDARD = gnu11;
				GCC_DYNAMIC_NO_PIC = NO;
				GCC_NO_COMMON_BLOCKS = YES;
				GCC_OPTIMIZATION_LEVEL = 0;
				GCC_PREPROCESSOR_DEFINITIONS = (
					"DEBUG=1",
					"$(inherited)",
				);
				GCC_WARN_64_TO_32_BIT_CONVERSION = YES;
				GCC_WARN_ABOUT_RETURN_TYPE = YES_ERROR;
				GCC_WARN_UNDECLARED_SELECTOR = YES;
				GCC_WARN_UNINITIALIZED_AUTOS = YES_AGGRESSIVE;
				GCC_WARN_UNUSED_FUNCTION = YES;
				GCC_WARN_UNUSED_VARIABLE = YES;
				MACOSX_DEPLOYMENT_TARGET = 12.1;
				MTL_ENABLE_DEBUG_INFO = INCLUDE_SOURCE;
				MTL_FAST_MATH = YES;
				ONLY_ACTIVE_ARCH = YES;
				SDKROOT = macosx;
				SWIFT_ACTIVE_COMPILATION_CONDITIONS = DEBUG;
				SWIFT_OPTIMIZATION_LEVEL = "-Onone";
			};
			name = Debug;
		};
		654C26BB27CD246C004AAC93 /* Release */ = {
			isa = XCBuildConfiguration;
			buildSettings = {
				ALWAYS_SEARCH_USER_PATHS = NO;
				CLANG_ANALYZER_NONNULL = YES;
				CLANG_ANALYZER_NUMBER_OBJECT_CONVERSION = YES_AGGRESSIVE;
				CLANG_CXX_LANGUAGE_STANDARD = "gnu++17";
				CLANG_CXX_LIBRARY = "libc++";
				CLANG_ENABLE_MODULES = YES;
				CLANG_ENABLE_OBJC_ARC = YES;
				CLANG_ENABLE_OBJC_WEAK = YES;
				CLANG_WARN_BLOCK_CAPTURE_AUTORELEASING = YES;
				CLANG_WARN_BOOL_CONVERSION = YES;
				CLANG_WARN_COMMA = YES;
				CLANG_WARN_CONSTANT_CONVERSION = YES;
				CLANG_WARN_DEPRECATED_OBJC_IMPLEMENTATIONS = YES;
				CLANG_WARN_DIRECT_OBJC_ISA_USAGE = YES_ERROR;
				CLANG_WARN_DOCUMENTATION_COMMENTS = YES;
				CLANG_WARN_EMPTY_BODY = YES;
				CLANG_WARN_ENUM_CONVERSION = YES;
				CLANG_WARN_INFINITE_RECURSION = YES;
				CLANG_WARN_INT_CONVERSION = YES;
				CLANG_WARN_NON_LITERAL_NULL_CONVERSION = YES;
				CLANG_WARN_OBJC_IMPLICIT_RETAIN_SELF = YES;
				CLANG_WARN_OBJC_LITERAL_CONVERSION = YES;
				CLANG_WARN_OBJC_ROOT_CLASS = YES_ERROR;
				CLANG_WARN_QUOTED_INCLUDE_IN_FRAMEWORK_HEADER = YES;
				CLANG_WARN_RANGE_LOOP_ANALYSIS = YES;
				CLANG_WARN_STRICT_PROTOTYPES = YES;
				CLANG_WARN_SUSPICIOUS_MOVE = YES;
				CLANG_WARN_UNGUARDED_AVAILABILITY = YES_AGGRESSIVE;
				CLANG_WARN_UNREACHABLE_CODE = YES;
				CLANG_WARN__DUPLICATE_METHOD_MATCH = YES;
				COPY_PHASE_STRIP = NO;
				DEBUG_INFORMATION_FORMAT = "dwarf-with-dsym";
				ENABLE_NS_ASSERTIONS = NO;
				ENABLE_STRICT_OBJC_MSGSEND = YES;
				GCC_C_LANGUAGE_STANDARD = gnu11;
				GCC_NO_COMMON_BLOCKS = YES;
				GCC_WARN_64_TO_32_BIT_CONVERSION = YES;
				GCC_WARN_ABOUT_RETURN_TYPE = YES_ERROR;
				GCC_WARN_UNDECLARED_SELECTOR = YES;
				GCC_WARN_UNINITIALIZED_AUTOS = YES_AGGRESSIVE;
				GCC_WARN_UNUSED_FUNCTION = YES;
				GCC_WARN_UNUSED_VARIABLE = YES;
				MACOSX_DEPLOYMENT_TARGET = 12.1;
				MTL_ENABLE_DEBUG_INFO = NO;
				MTL_FAST_MATH = YES;
				SDKROOT = macosx;
				SWIFT_COMPILATION_MODE = wholemodule;
				SWIFT_OPTIMIZATION_LEVEL = "-O";
			};
			name = Release;
		};
		654C26BD27CD246C004AAC93 /* Debug */ = {
			isa = XCBuildConfiguration;
			buildSettings = {
				ASSETCATALOG_COMPILER_APPICON_NAME = AppIcon;
				ASSETCATALOG_COMPILER_GLOBAL_ACCENT_COLOR_NAME = AccentColor;
				CODE_SIGN_ENTITLEMENTS = ProjectFacts/ProjectFacts.entitlements;
				CODE_SIGN_STYLE = Automatic;
				COMBINE_HIDPI_IMAGES = YES;
				CURRENT_PROJECT_VERSION = 1;
				DEVELOPMENT_ASSET_PATHS = "\"ProjectFacts/Preview Content\"";
				DEVELOPMENT_TEAM = 258C524YRU;
				ENABLE_HARDENED_RUNTIME = YES;
				ENABLE_PREVIEWS = YES;
				GENERATE_INFOPLIST_FILE = YES;
				INFOPLIST_KEY_LSApplicationCategoryType = "public.app-category.productivity";
				INFOPLIST_KEY_NSHumanReadableCopyright = "";
				LD_RUNPATH_SEARCH_PATHS = (
					"$(inherited)",
					"@executable_path/../Frameworks",
				);
				MARKETING_VERSION = 1.0;
				PRODUCT_BUNDLE_IDENTIFIER = de.aaindustries.ProjectFacts;
				PRODUCT_NAME = "$(TARGET_NAME)";
				SWIFT_EMIT_LOC_STRINGS = YES;
				SWIFT_VERSION = 5.0;
			};
			name = Debug;
		};
		654C26BE27CD246C004AAC93 /* Release */ = {
			isa = XCBuildConfiguration;
			buildSettings = {
				ASSETCATALOG_COMPILER_APPICON_NAME = AppIcon;
				ASSETCATALOG_COMPILER_GLOBAL_ACCENT_COLOR_NAME = AccentColor;
				CODE_SIGN_ENTITLEMENTS = ProjectFacts/ProjectFacts.entitlements;
				CODE_SIGN_STYLE = Automatic;
				COMBINE_HIDPI_IMAGES = YES;
				CURRENT_PROJECT_VERSION = 1;
				DEVELOPMENT_ASSET_PATHS = "\"ProjectFacts/Preview Content\"";
				DEVELOPMENT_TEAM = 258C524YRU;
				ENABLE_HARDENED_RUNTIME = YES;
				ENABLE_PREVIEWS = YES;
				GENERATE_INFOPLIST_FILE = YES;
				INFOPLIST_KEY_LSApplicationCategoryType = "public.app-category.productivity";
				INFOPLIST_KEY_NSHumanReadableCopyright = "";
				LD_RUNPATH_SEARCH_PATHS = (
					"$(inherited)",
					"@executable_path/../Frameworks",
				);
				MARKETING_VERSION = 1.0;
				PRODUCT_BUNDLE_IDENTIFIER = de.aaindustries.ProjectFacts;
				PRODUCT_NAME = "$(TARGET_NAME)";
				SWIFT_EMIT_LOC_STRINGS = YES;
				SWIFT_VERSION = 5.0;
			};
			name = Release;
		};
/* End XCBuildConfiguration section */

/* Begin XCConfigurationList section */
		654C26A827CD246B004AAC93 /* Build configuration list for PBXProject "ProjectFacts" */ = {
			isa = XCConfigurationList;
			buildConfigurations = (
				654C26BA27CD246C004AAC93 /* Debug */,
				654C26BB27CD246C004AAC93 /* Release */,
			);
			defaultConfigurationIsVisible = 0;
			defaultConfigurationName = Release;
		};
		654C26BC27CD246C004AAC93 /* Build configuration list for PBXNativeTarget "ProjectFacts" */ = {
			isa = XCConfigurationList;
			buildConfigurations = (
				654C26BD27CD246C004AAC93 /* Debug */,
				654C26BE27CD246C004AAC93 /* Release */,
			);
			defaultConfigurationIsVisible = 0;
			defaultConfigurationName = Release;
		};
/* End XCConfigurationList section */
	};
	rootObject = 654C26A527CD246B004AAC93 /* Project object */;
}
